// !$*UTF8*$!
{
	archiveVersion = 1;
	classes = {
	};
	objectVersion = 46;
	objects = {

/* Begin PBXBuildFile section */
		743EC87220A53EBC7BD50719 /* Pods_MarioWorld.framework in Frameworks */ = {isa = PBXBuildFile; fileRef = CA765C5BA0A1C1415D334695 /* Pods_MarioWorld.framework */; };
		7CFEB88D1E687A2800A3953F /* AppDelegate.swift in Sources */ = {isa = PBXBuildFile; fileRef = 7CFEB88C1E687A2800A3953F /* AppDelegate.swift */; };
		7CFEB88F1E687A2800A3953F /* ViewController.swift in Sources */ = {isa = PBXBuildFile; fileRef = 7CFEB88E1E687A2800A3953F /* ViewController.swift */; };
		7CFEB8921E687A2800A3953F /* Main.storyboard in Resources */ = {isa = PBXBuildFile; fileRef = 7CFEB8901E687A2800A3953F /* Main.storyboard */; };
		7CFEB8941E687A2800A3953F /* Assets.xcassets in Resources */ = {isa = PBXBuildFile; fileRef = 7CFEB8931E687A2800A3953F /* Assets.xcassets */; };
		7CFEB8971E687A2800A3953F /* LaunchScreen.storyboard in Resources */ = {isa = PBXBuildFile; fileRef = 7CFEB8951E687A2800A3953F /* LaunchScreen.storyboard */; };
		7CFEB8A21E687A2800A3953F /* MarioWorldTests.swift in Sources */ = {isa = PBXBuildFile; fileRef = 7CFEB8A11E687A2800A3953F /* MarioWorldTests.swift */; };
		7CFEB8AD1E687A2800A3953F /* MarioWorldUITests.swift in Sources */ = {isa = PBXBuildFile; fileRef = 7CFEB8AC1E687A2800A3953F /* MarioWorldUITests.swift */; };
		7CFEB8BB1E687AEB00A3953F /* Configuration.plist in Resources */ = {isa = PBXBuildFile; fileRef = 7CFEB8BA1E687AEB00A3953F /* Configuration.plist */; };
/* End PBXBuildFile section */

/* Begin PBXContainerItemProxy section */
		7CFEB89E1E687A2800A3953F /* PBXContainerItemProxy */ = {
			isa = PBXContainerItemProxy;
			containerPortal = 7CFEB8811E687A2800A3953F /* Project object */;
			proxyType = 1;
			remoteGlobalIDString = 7CFEB8881E687A2800A3953F;
			remoteInfo = MarioWorld;
		};
		7CFEB8A91E687A2800A3953F /* PBXContainerItemProxy */ = {
			isa = PBXContainerItemProxy;
			containerPortal = 7CFEB8811E687A2800A3953F /* Project object */;
			proxyType = 1;
			remoteGlobalIDString = 7CFEB8881E687A2800A3953F;
			remoteInfo = MarioWorld;
		};
/* End PBXContainerItemProxy section */

/* Begin PBXFileReference section */
		7CFEB8891E687A2800A3953F /* MarioWorld.app */ = {isa = PBXFileReference; explicitFileType = wrapper.application; includeInIndex = 0; path = MarioWorld.app; sourceTree = BUILT_PRODUCTS_DIR; };
		7CFEB88C1E687A2800A3953F /* AppDelegate.swift */ = {isa = PBXFileReference; lastKnownFileType = sourcecode.swift; path = AppDelegate.swift; sourceTree = "<group>"; };
		7CFEB88E1E687A2800A3953F /* ViewController.swift */ = {isa = PBXFileReference; lastKnownFileType = sourcecode.swift; path = ViewController.swift; sourceTree = "<group>"; };
		7CFEB8911E687A2800A3953F /* Base */ = {isa = PBXFileReference; lastKnownFileType = file.storyboard; name = Base; path = Base.lproj/Main.storyboard; sourceTree = "<group>"; };
		7CFEB8931E687A2800A3953F /* Assets.xcassets */ = {isa = PBXFileReference; lastKnownFileType = folder.assetcatalog; path = Assets.xcassets; sourceTree = "<group>"; };
		7CFEB8961E687A2800A3953F /* Base */ = {isa = PBXFileReference; lastKnownFileType = file.storyboard; name = Base; path = Base.lproj/LaunchScreen.storyboard; sourceTree = "<group>"; };
		7CFEB8981E687A2800A3953F /* Info.plist */ = {isa = PBXFileReference; lastKnownFileType = text.plist.xml; path = Info.plist; sourceTree = "<group>"; };
		7CFEB89D1E687A2800A3953F /* MarioWorldTests.xctest */ = {isa = PBXFileReference; explicitFileType = wrapper.cfbundle; includeInIndex = 0; path = MarioWorldTests.xctest; sourceTree = BUILT_PRODUCTS_DIR; };
		7CFEB8A11E687A2800A3953F /* MarioWorldTests.swift */ = {isa = PBXFileReference; lastKnownFileType = sourcecode.swift; path = MarioWorldTests.swift; sourceTree = "<group>"; };
		7CFEB8A31E687A2800A3953F /* Info.plist */ = {isa = PBXFileReference; lastKnownFileType = text.plist.xml; path = Info.plist; sourceTree = "<group>"; };
		7CFEB8A81E687A2800A3953F /* MarioWorldUITests.xctest */ = {isa = PBXFileReference; explicitFileType = wrapper.cfbundle; includeInIndex = 0; path = MarioWorldUITests.xctest; sourceTree = BUILT_PRODUCTS_DIR; };
		7CFEB8AC1E687A2800A3953F /* MarioWorldUITests.swift */ = {isa = PBXFileReference; lastKnownFileType = sourcecode.swift; path = MarioWorldUITests.swift; sourceTree = "<group>"; };
		7CFEB8AE1E687A2800A3953F /* Info.plist */ = {isa = PBXFileReference; lastKnownFileType = text.plist.xml; path = Info.plist; sourceTree = "<group>"; };
		7CFEB8BA1E687AEB00A3953F /* Configuration.plist */ = {isa = PBXFileReference; fileEncoding = 4; lastKnownFileType = text.plist.xml; path = Configuration.plist; sourceTree = "<group>"; };
		9120740948737E64CEF37A76 /* Pods-MarioWorld.release.xcconfig */ = {isa = PBXFileReference; includeInIndex = 1; lastKnownFileType = text.xcconfig; name = "Pods-MarioWorld.release.xcconfig"; path = "Pods/Target Support Files/Pods-MarioWorld/Pods-MarioWorld.release.xcconfig"; sourceTree = "<group>"; };
		CA765C5BA0A1C1415D334695 /* Pods_MarioWorld.framework */ = {isa = PBXFileReference; explicitFileType = wrapper.framework; includeInIndex = 0; path = Pods_MarioWorld.framework; sourceTree = BUILT_PRODUCTS_DIR; };
		D10559065C71F47D44EFF2E3 /* Pods-MarioWorld.debug.xcconfig */ = {isa = PBXFileReference; includeInIndex = 1; lastKnownFileType = text.xcconfig; name = "Pods-MarioWorld.debug.xcconfig"; path = "Pods/Target Support Files/Pods-MarioWorld/Pods-MarioWorld.debug.xcconfig"; sourceTree = "<group>"; };
/* End PBXFileReference section */

/* Begin PBXFrameworksBuildPhase section */
		7CFEB8861E687A2800A3953F /* Frameworks */ = {
			isa = PBXFrameworksBuildPhase;
			buildActionMask = 2147483647;
			files = (
				743EC87220A53EBC7BD50719 /* Pods_MarioWorld.framework in Frameworks */,
			);
			runOnlyForDeploymentPostprocessing = 0;
		};
		7CFEB89A1E687A2800A3953F /* Frameworks */ = {
			isa = PBXFrameworksBuildPhase;
			buildActionMask = 2147483647;
			files = (
			);
			runOnlyForDeploymentPostprocessing = 0;
		};
		7CFEB8A51E687A2800A3953F /* Frameworks */ = {
			isa = PBXFrameworksBuildPhase;
			buildActionMask = 2147483647;
			files = (
			);
			runOnlyForDeploymentPostprocessing = 0;
		};
/* End PBXFrameworksBuildPhase section */

/* Begin PBXGroup section */
		5D53470F0A35DE63D78B5F8F /* Pods */ = {
			isa = PBXGroup;
			children = (
				D10559065C71F47D44EFF2E3 /* Pods-MarioWorld.debug.xcconfig */,
				9120740948737E64CEF37A76 /* Pods-MarioWorld.release.xcconfig */,
			);
			name = Pods;
			sourceTree = "<group>";
		};
		7CFEB8801E687A2800A3953F = {
			isa = PBXGroup;
			children = (
				7CFEB88B1E687A2800A3953F /* MarioWorld */,
				7CFEB8A01E687A2800A3953F /* MarioWorldTests */,
				7CFEB8AB1E687A2800A3953F /* MarioWorldUITests */,
				7CFEB88A1E687A2800A3953F /* Products */,
				5D53470F0A35DE63D78B5F8F /* Pods */,
				A681964E8C9804946B59BBCC /* Frameworks */,
			);
			sourceTree = "<group>";
		};
		7CFEB88A1E687A2800A3953F /* Products */ = {
			isa = PBXGroup;
			children = (
				7CFEB8891E687A2800A3953F /* MarioWorld.app */,
				7CFEB89D1E687A2800A3953F /* MarioWorldTests.xctest */,
				7CFEB8A81E687A2800A3953F /* MarioWorldUITests.xctest */,
			);
			name = Products;
			sourceTree = "<group>";
		};
		7CFEB88B1E687A2800A3953F /* MarioWorld */ = {
			isa = PBXGroup;
			children = (
				7CFEB88C1E687A2800A3953F /* AppDelegate.swift */,
				7CFEB88E1E687A2800A3953F /* ViewController.swift */,
				7CFEB8901E687A2800A3953F /* Main.storyboard */,
				7CFEB8931E687A2800A3953F /* Assets.xcassets */,
				7CFEB8951E687A2800A3953F /* LaunchScreen.storyboard */,
				7CFEB8981E687A2800A3953F /* Info.plist */,
				7CFEB8BA1E687AEB00A3953F /* Configuration.plist */,
			);
			path = MarioWorld;
			sourceTree = "<group>";
		};
		7CFEB8A01E687A2800A3953F /* MarioWorldTests */ = {
			isa = PBXGroup;
			children = (
				7CFEB8A11E687A2800A3953F /* MarioWorldTests.swift */,
				7CFEB8A31E687A2800A3953F /* Info.plist */,
			);
			path = MarioWorldTests;
			sourceTree = "<group>";
		};
		7CFEB8AB1E687A2800A3953F /* MarioWorldUITests */ = {
			isa = PBXGroup;
			children = (
				7CFEB8AC1E687A2800A3953F /* MarioWorldUITests.swift */,
				7CFEB8AE1E687A2800A3953F /* Info.plist */,
			);
			path = MarioWorldUITests;
			sourceTree = "<group>";
		};
		A681964E8C9804946B59BBCC /* Frameworks */ = {
			isa = PBXGroup;
			children = (
				CA765C5BA0A1C1415D334695 /* Pods_MarioWorld.framework */,
			);
			name = Frameworks;
			sourceTree = "<group>";
		};
/* End PBXGroup section */

/* Begin PBXNativeTarget section */
		7CFEB8881E687A2800A3953F /* MarioWorld */ = {
			isa = PBXNativeTarget;
			buildConfigurationList = 7CFEB8B11E687A2800A3953F /* Build configuration list for PBXNativeTarget "MarioWorld" */;
			buildPhases = (
				729BEA3FC68F07EBF8D778D9 /* [CP] Check Pods Manifest.lock */,
				7CFEB8851E687A2800A3953F /* Sources */,
				7CFEB8861E687A2800A3953F /* Frameworks */,
				7CFEB8871E687A2800A3953F /* Resources */,
				DA02ADB29889C7D3BD9AB74A /* [CP] Embed Pods Frameworks */,
				F67DD1B3E38276135C8356B2 /* [CP] Copy Pods Resources */,
			);
			buildRules = (
			);
			dependencies = (
			);
			name = MarioWorld;
			productName = MarioWorld;
			productReference = 7CFEB8891E687A2800A3953F /* MarioWorld.app */;
			productType = "com.apple.product-type.application";
		};
		7CFEB89C1E687A2800A3953F /* MarioWorldTests */ = {
			isa = PBXNativeTarget;
			buildConfigurationList = 7CFEB8B41E687A2800A3953F /* Build configuration list for PBXNativeTarget "MarioWorldTests" */;
			buildPhases = (
				7CFEB8991E687A2800A3953F /* Sources */,
				7CFEB89A1E687A2800A3953F /* Frameworks */,
				7CFEB89B1E687A2800A3953F /* Resources */,
			);
			buildRules = (
			);
			dependencies = (
				7CFEB89F1E687A2800A3953F /* PBXTargetDependency */,
			);
			name = MarioWorldTests;
			productName = MarioWorldTests;
			productReference = 7CFEB89D1E687A2800A3953F /* MarioWorldTests.xctest */;
			productType = "com.apple.product-type.bundle.unit-test";
		};
		7CFEB8A71E687A2800A3953F /* MarioWorldUITests */ = {
			isa = PBXNativeTarget;
			buildConfigurationList = 7CFEB8B71E687A2800A3953F /* Build configuration list for PBXNativeTarget "MarioWorldUITests" */;
			buildPhases = (
				7CFEB8A41E687A2800A3953F /* Sources */,
				7CFEB8A51E687A2800A3953F /* Frameworks */,
				7CFEB8A61E687A2800A3953F /* Resources */,
			);
			buildRules = (
			);
			dependencies = (
				7CFEB8AA1E687A2800A3953F /* PBXTargetDependency */,
			);
			name = MarioWorldUITests;
			productName = MarioWorldUITests;
			productReference = 7CFEB8A81E687A2800A3953F /* MarioWorldUITests.xctest */;
			productType = "com.apple.product-type.bundle.ui-testing";
		};
/* End PBXNativeTarget section */

/* Begin PBXProject section */
		7CFEB8811E687A2800A3953F /* Project object */ = {
			isa = PBXProject;
			attributes = {
				LastSwiftUpdateCheck = 0820;
				LastUpgradeCheck = 0820;
				ORGANIZATIONNAME = "Oleg Shulakov";
				TargetAttributes = {
					7CFEB8881E687A2800A3953F = {
						CreatedOnToolsVersion = 8.2.1;
						DevelopmentTeam = NURV27KZRM;
						ProvisioningStyle = Automatic;
					};
					7CFEB89C1E687A2800A3953F = {
						CreatedOnToolsVersion = 8.2.1;
						DevelopmentTeam = NURV27KZRM;
						ProvisioningStyle = Automatic;
						TestTargetID = 7CFEB8881E687A2800A3953F;
					};
					7CFEB8A71E687A2800A3953F = {
						CreatedOnToolsVersion = 8.2.1;
						DevelopmentTeam = NURV27KZRM;
						ProvisioningStyle = Automatic;
						TestTargetID = 7CFEB8881E687A2800A3953F;
					};
				};
			};
			buildConfigurationList = 7CFEB8841E687A2800A3953F /* Build configuration list for PBXProject "MarioWorld" */;
			compatibilityVersion = "Xcode 3.2";
			developmentRegion = English;
			hasScannedForEncodings = 0;
			knownRegions = (
				en,
				Base,
			);
			mainGroup = 7CFEB8801E687A2800A3953F;
			productRefGroup = 7CFEB88A1E687A2800A3953F /* Products */;
			projectDirPath = "";
			projectRoot = "";
			targets = (
				7CFEB8881E687A2800A3953F /* MarioWorld */,
				7CFEB89C1E687A2800A3953F /* MarioWorldTests */,
				7CFEB8A71E687A2800A3953F /* MarioWorldUITests */,
			);
		};
/* End PBXProject section */

/* Begin PBXResourcesBuildPhase section */
		7CFEB8871E687A2800A3953F /* Resources */ = {
			isa = PBXResourcesBuildPhase;
			buildActionMask = 2147483647;
			files = (
				7CFEB8971E687A2800A3953F /* LaunchScreen.storyboard in Resources */,
				7CFEB8BB1E687AEB00A3953F /* Configuration.plist in Resources */,
				7CFEB8941E687A2800A3953F /* Assets.xcassets in Resources */,
				7CFEB8921E687A2800A3953F /* Main.storyboard in Resources */,
			);
			runOnlyForDeploymentPostprocessing = 0;
		};
		7CFEB89B1E687A2800A3953F /* Resources */ = {
			isa = PBXResourcesBuildPhase;
			buildActionMask = 2147483647;
			files = (
			);
			runOnlyForDeploymentPostprocessing = 0;
		};
		7CFEB8A61E687A2800A3953F /* Resources */ = {
			isa = PBXResourcesBuildPhase;
			buildActionMask = 2147483647;
			files = (
			);
			runOnlyForDeploymentPostprocessing = 0;
		};
/* End PBXResourcesBuildPhase section */

/* Begin PBXShellScriptBuildPhase section */
		729BEA3FC68F07EBF8D778D9 /* [CP] Check Pods Manifest.lock */ = {
			isa = PBXShellScriptBuildPhase;
			buildActionMask = 2147483647;
			files = (
			);
			inputPaths = (
			);
			name = "[CP] Check Pods Manifest.lock";
			outputPaths = (
			);
			runOnlyForDeploymentPostprocessing = 0;
			shellPath = /bin/sh;
			shellScript = "diff \"${PODS_ROOT}/../Podfile.lock\" \"${PODS_ROOT}/Manifest.lock\" > /dev/null\nif [ $? != 0 ] ; then\n    # print error to STDERR\n    echo \"error: The sandbox is not in sync with the Podfile.lock. Run 'pod install' or update your CocoaPods installation.\" >&2\n    exit 1\nfi\n";
			showEnvVarsInLog = 0;
		};
		DA02ADB29889C7D3BD9AB74A /* [CP] Embed Pods Frameworks */ = {
			isa = PBXShellScriptBuildPhase;
			buildActionMask = 2147483647;
			files = (
			);
			inputPaths = (
			);
			name = "[CP] Embed Pods Frameworks";
			outputPaths = (
			);
			runOnlyForDeploymentPostprocessing = 0;
			shellPath = /bin/sh;
			shellScript = "\"${SRCROOT}/Pods/Target Support Files/Pods-MarioWorld/Pods-MarioWorld-frameworks.sh\"\n";
			showEnvVarsInLog = 0;
		};
		F67DD1B3E38276135C8356B2 /* [CP] Copy Pods Resources */ = {
			isa = PBXShellScriptBuildPhase;
			buildActionMask = 2147483647;
			files = (
			);
			inputPaths = (
			);
			name = "[CP] Copy Pods Resources";
			outputPaths = (
			);
			runOnlyForDeploymentPostprocessing = 0;
			shellPath = /bin/sh;
			shellScript = "\"${SRCROOT}/Pods/Target Support Files/Pods-MarioWorld/Pods-MarioWorld-resources.sh\"\n";
			showEnvVarsInLog = 0;
		};
/* End PBXShellScriptBuildPhase section */

/* Begin PBXSourcesBuildPhase section */
		7CFEB8851E687A2800A3953F /* Sources */ = {
			isa = PBXSourcesBuildPhase;
			buildActionMask = 2147483647;
			files = (
				7CFEB88F1E687A2800A3953F /* ViewController.swift in Sources */,
				7CFEB88D1E687A2800A3953F /* AppDelegate.swift in Sources */,
			);
			runOnlyForDeploymentPostprocessing = 0;
		};
		7CFEB8991E687A2800A3953F /* Sources */ = {
			isa = PBXSourcesBuildPhase;
			buildActionMask = 2147483647;
			files = (
				7CFEB8A21E687A2800A3953F /* MarioWorldTests.swift in Sources */,
			);
			runOnlyForDeploymentPostprocessing = 0;
		};
		7CFEB8A41E687A2800A3953F /* Sources */ = {
			isa = PBXSourcesBuildPhase;
			buildActionMask = 2147483647;
			files = (
				7CFEB8AD1E687A2800A3953F /* MarioWorldUITests.swift in Sources */,
			);
			runOnlyForDeploymentPostprocessing = 0;
		};
/* End PBXSourcesBuildPhase section */

/* Begin PBXTargetDependency section */
		7CFEB89F1E687A2800A3953F /* PBXTargetDependency */ = {
			isa = PBXTargetDependency;
			target = 7CFEB8881E687A2800A3953F /* MarioWorld */;
			targetProxy = 7CFEB89E1E687A2800A3953F /* PBXContainerItemProxy */;
		};
		7CFEB8AA1E687A2800A3953F /* PBXTargetDependency */ = {
			isa = PBXTargetDependency;
			target = 7CFEB8881E687A2800A3953F /* MarioWorld */;
			targetProxy = 7CFEB8A91E687A2800A3953F /* PBXContainerItemProxy */;
		};
/* End PBXTargetDependency section */

/* Begin PBXVariantGroup section */
		7CFEB8901E687A2800A3953F /* Main.storyboard */ = {
			isa = PBXVariantGroup;
			children = (
				7CFEB8911E687A2800A3953F /* Base */,
			);
			name = Main.storyboard;
			sourceTree = "<group>";
		};
		7CFEB8951E687A2800A3953F /* LaunchScreen.storyboard */ = {
			isa = PBXVariantGroup;
			children = (
				7CFEB8961E687A2800A3953F /* Base */,
			);
			name = LaunchScreen.storyboard;
			sourceTree = "<group>";
		};
/* End PBXVariantGroup section */

/* Begin XCBuildConfiguration section */
		7CFEB8AF1E687A2800A3953F /* Debug */ = {
			isa = XCBuildConfiguration;
			buildSettings = {
				ALWAYS_SEARCH_USER_PATHS = NO;
				CLANG_ANALYZER_NONNULL = YES;
				CLANG_CXX_LANGUAGE_STANDARD = "gnu++0x";
				CLANG_CXX_LIBRARY = "libc++";
				CLANG_ENABLE_MODULES = YES;
				CLANG_ENABLE_OBJC_ARC = YES;
				CLANG_WARN_BOOL_CONVERSION = YES;
				CLANG_WARN_CONSTANT_CONVERSION = YES;
				CLANG_WARN_DIRECT_OBJC_ISA_USAGE = YES_ERROR;
				CLANG_WARN_DOCUMENTATION_COMMENTS = YES;
				CLANG_WARN_EMPTY_BODY = YES;
				CLANG_WARN_ENUM_CONVERSION = YES;
				CLANG_WARN_INFINITE_RECURSION = YES;
				CLANG_WARN_INT_CONVERSION = YES;
				CLANG_WARN_OBJC_ROOT_CLASS = YES_ERROR;
				CLANG_WARN_SUSPICIOUS_MOVE = YES;
				CLANG_WARN_UNREACHABLE_CODE = YES;
				CLANG_WARN__DUPLICATE_METHOD_MATCH = YES;
				"CODE_SIGN_IDENTITY[sdk=iphoneos*]" = "iPhone Developer";
				COPY_PHASE_STRIP = NO;
				DEBUG_INFORMATION_FORMAT = dwarf;
				ENABLE_STRICT_OBJC_MSGSEND = YES;
				ENABLE_TESTABILITY = YES;
				GCC_C_LANGUAGE_STANDARD = gnu99;
				GCC_DYNAMIC_NO_PIC = NO;
				GCC_NO_COMMON_BLOCKS = YES;
				GCC_OPTIMIZATION_LEVEL = 0;
				GCC_PREPROCESSOR_DEFINITIONS = (
					"DEBUG=1",
					"$(inherited)",
				);
				GCC_WARN_64_TO_32_BIT_CONVERSION = YES;
				GCC_WARN_ABOUT_RETURN_TYPE = YES_ERROR;
				GCC_WARN_UNDECLARED_SELECTOR = YES;
				GCC_WARN_UNINITIALIZED_AUTOS = YES_AGGRESSIVE;
				GCC_WARN_UNUSED_FUNCTION = YES;
				GCC_WARN_UNUSED_VARIABLE = YES;
				IPHONEOS_DEPLOYMENT_TARGET = 10.2;
				MTL_ENABLE_DEBUG_INFO = YES;
				ONLY_ACTIVE_ARCH = YES;
				SDKROOT = iphoneos;
				SWIFT_ACTIVE_COMPILATION_CONDITIONS = DEBUG;
				SWIFT_OPTIMIZATION_LEVEL = "-Onone";
				TARGETED_DEVICE_FAMILY = "1,2";
			};
			name = Debug;
		};
		7CFEB8B01E687A2800A3953F /* Release */ = {
			isa = XCBuildConfiguration;
			buildSettings = {
				ALWAYS_SEARCH_USER_PATHS = NO;
				CLANG_ANALYZER_NONNULL = YES;
				CLANG_CXX_LANGUAGE_STANDARD = "gnu++0x";
				CLANG_CXX_LIBRARY = "libc++";
				CLANG_ENABLE_MODULES = YES;
				CLANG_ENABLE_OBJC_ARC = YES;
				CLANG_WARN_BOOL_CONVERSION = YES;
				CLANG_WARN_CONSTANT_CONVERSION = YES;
				CLANG_WARN_DIRECT_OBJC_ISA_USAGE = YES_ERROR;
				CLANG_WARN_DOCUMENTATION_COMMENTS = YES;
				CLANG_WARN_EMPTY_BODY = YES;
				CLANG_WARN_ENUM_CONVERSION = YES;
				CLANG_WARN_INFINITE_RECURSION = YES;
				CLANG_WARN_INT_CONVERSION = YES;
				CLANG_WARN_OBJC_ROOT_CLASS = YES_ERROR;
				CLANG_WARN_SUSPICIOUS_MOVE = YES;
				CLANG_WARN_UNREACHABLE_CODE = YES;
				CLANG_WARN__DUPLICATE_METHOD_MATCH = YES;
				"CODE_SIGN_IDENTITY[sdk=iphoneos*]" = "iPhone Developer";
				COPY_PHASE_STRIP = NO;
				DEBUG_INFORMATION_FORMAT = "dwarf-with-dsym";
				ENABLE_NS_ASSERTIONS = NO;
				ENABLE_STRICT_OBJC_MSGSEND = YES;
				GCC_C_LANGUAGE_STANDARD = gnu99;
				GCC_NO_COMMON_BLOCKS = YES;
				GCC_WARN_64_TO_32_BIT_CONVERSION = YES;
				GCC_WARN_ABOUT_RETURN_TYPE = YES_ERROR;
				GCC_WARN_UNDECLARED_SELECTOR = YES;
				GCC_WARN_UNINITIALIZED_AUTOS = YES_AGGRESSIVE;
				GCC_WARN_UNUSED_FUNCTION = YES;
				GCC_WARN_UNUSED_VARIABLE = YES;
				IPHONEOS_DEPLOYMENT_TARGET = 10.2;
				MTL_ENABLE_DEBUG_INFO = NO;
				SDKROOT = iphoneos;
				SWIFT_OPTIMIZATION_LEVEL = "-Owholemodule";
				TARGETED_DEVICE_FAMILY = "1,2";
				VALIDATE_PRODUCT = YES;
			};
			name = Release;
		};
		7CFEB8B21E687A2800A3953F /* Debug */ = {
			isa = XCBuildConfiguration;
			baseConfigurationReference = D10559065C71F47D44EFF2E3 /* Pods-MarioWorld.debug.xcconfig */;
			buildSettings = {
				ASSETCATALOG_COMPILER_APPICON_NAME = AppIcon;
				DEVELOPMENT_TEAM = NURV27KZRM;
				INFOPLIST_FILE = MarioWorld/Info.plist;
				LD_RUNPATH_SEARCH_PATHS = "$(inherited) @executable_path/Frameworks";
				PRODUCT_BUNDLE_IDENTIFIER = ru.taximaster.MarioWorld;
				PRODUCT_NAME = "$(TARGET_NAME)";
				SWIFT_VERSION = 3.0;
			};
			name = Debug;
		};
		7CFEB8B31E687A2800A3953F /* Release */ = {
			isa = XCBuildConfiguration;
			baseConfigurationReference = 9120740948737E64CEF37A76 /* Pods-MarioWorld.release.xcconfig */;
			buildSettings = {
				ASSETCATALOG_COMPILER_APPICON_NAME = AppIcon;
				DEVELOPMENT_TEAM = NURV27KZRM;
				INFOPLIST_FILE = MarioWorld/Info.plist;
				LD_RUNPATH_SEARCH_PATHS = "$(inherited) @executable_path/Frameworks";
				PRODUCT_BUNDLE_IDENTIFIER = ru.taximaster.MarioWorld;
				PRODUCT_NAME = "$(TARGET_NAME)";
				SWIFT_VERSION = 3.0;
			};
			name = Release;
		};
		7CFEB8B51E687A2800A3953F /* Debug */ = {
			isa = XCBuildConfiguration;
			buildSettings = {
				ALWAYS_EMBED_SWIFT_STANDARD_LIBRARIES = YES;
				BUNDLE_LOADER = "$(TEST_HOST)";
				DEVELOPMENT_TEAM = NURV27KZRM;
				INFOPLIST_FILE = MarioWorldTests/Info.plist;
				LD_RUNPATH_SEARCH_PATHS = "$(inherited) @executable_path/Frameworks @loader_path/Frameworks";
				PRODUCT_BUNDLE_IDENTIFIER = ru.taximaster.MarioWorldTests;
				PRODUCT_NAME = "$(TARGET_NAME)";
				SWIFT_VERSION = 3.0;
				TEST_HOST = "$(BUILT_PRODUCTS_DIR)/MarioWorld.app/MarioWorld";
			};
			name = Debug;
		};
		7CFEB8B61E687A2800A3953F /* Release */ = {
			isa = XCBuildConfiguration;
			buildSettings = {
				ALWAYS_EMBED_SWIFT_STANDARD_LIBRARIES = YES;
				BUNDLE_LOADER = "$(TEST_HOST)";
				DEVELOPMENT_TEAM = NURV27KZRM;
				INFOPLIST_FILE = MarioWorldTests/Info.plist;
				LD_RUNPATH_SEARCH_PATHS = "$(inherited) @executable_path/Frameworks @loader_path/Frameworks";
				PRODUCT_BUNDLE_IDENTIFIER = ru.taximaster.MarioWorldTests;
				PRODUCT_NAME = "$(TARGET_NAME)";
				SWIFT_VERSION = 3.0;
				TEST_HOST = "$(BUILT_PRODUCTS_DIR)/MarioWorld.app/MarioWorld";
			};
			name = Release;
		};
		7CFEB8B81E687A2800A3953F /* Debug */ = {
			isa = XCBuildConfiguration;
			buildSettings = {
				ALWAYS_EMBED_SWIFT_STANDARD_LIBRARIES = YES;
				DEVELOPMENT_TEAM = NURV27KZRM;
				INFOPLIST_FILE = MarioWorldUITests/Info.plist;
				LD_RUNPATH_SEARCH_PATHS = "$(inherited) @executable_path/Frameworks @loader_path/Frameworks";
				PRODUCT_BUNDLE_IDENTIFIER = ru.taximaster.MarioWorldUITests;
				PRODUCT_NAME = "$(TARGET_NAME)";
				SWIFT_VERSION = 3.0;
				TEST_TARGET_NAME = MarioWorld;
			};
			name = Debug;
		};
		7CFEB8B91E687A2800A3953F /* Release */ = {
			isa = XCBuildConfiguration;
			buildSettings = {
				ALWAYS_EMBED_SWIFT_STANDARD_LIBRARIES = YES;
				DEVELOPMENT_TEAM = NURV27KZRM;
				INFOPLIST_FILE = MarioWorldUITests/Info.plist;
				LD_RUNPATH_SEARCH_PATHS = "$(inherited) @executable_path/Frameworks @loader_path/Frameworks";
				PRODUCT_BUNDLE_IDENTIFIER = ru.taximaster.MarioWorldUITests;
				PRODUCT_NAME = "$(TARGET_NAME)";
				SWIFT_VERSION = 3.0;
				TEST_TARGET_NAME = MarioWorld;
			};
			name = Release;
		};
/* End XCBuildConfiguration section */

/* Begin XCConfigurationList section */
		7CFEB8841E687A2800A3953F /* Build configuration list for PBXProject "MarioWorld" */ = {
			isa = XCConfigurationList;
			buildConfigurations = (
				7CFEB8AF1E687A2800A3953F /* Debug */,
				7CFEB8B01E687A2800A3953F /* Release */,
			);
			defaultConfigurationIsVisible = 0;
			defaultConfigurationName = Release;
		};
		7CFEB8B11E687A2800A3953F /* Build configuration list for PBXNativeTarget "MarioWorld" */ = {
			isa = XCConfigurationList;
			buildConfigurations = (
				7CFEB8B21E687A2800A3953F /* Debug */,
				7CFEB8B31E687A2800A3953F /* Release */,
			);
			defaultConfigurationIsVisible = 0;
		};
		7CFEB8B41E687A2800A3953F /* Build configuration list for PBXNativeTarget "MarioWorldTests" */ = {
			isa = XCConfigurationList;
			buildConfigurations = (
				7CFEB8B51E687A2800A3953F /* Debug */,
				7CFEB8B61E687A2800A3953F /* Release */,
			);
			defaultConfigurationIsVisible = 0;
		};
		7CFEB8B71E687A2800A3953F /* Build configuration list for PBXNativeTarget "MarioWorldUITests" */ = {
			isa = XCConfigurationList;
			buildConfigurations = (
				7CFEB8B81E687A2800A3953F /* Debug */,
				7CFEB8B91E687A2800A3953F /* Release */,
			);
			defaultConfigurationIsVisible = 0;
		};
/* End XCConfigurationList section */
	};
	rootObject = 7CFEB8811E687A2800A3953F /* Project object */;
}
